{
  "nodes": {
    "hardwareConfiguration-src": {
      "flake": false,
      "locked": {
        "lastModified": 1700859976,
        "narHash": "sha256-/g4/DUDYbMctkXznrhFA8ngxtdXu9R3kJLFDqqXvN28=",
        "path": "/etc/nixos/hardware-configuration.nix",
        "type": "path"
      },
      "original": {
        "path": "/etc/nixos/hardware-configuration.nix",
        "type": "path"
      }
    },
    "home-manager": {
      "inputs": {
        "nixpkgs": [
          "nixpkgs"
        ]
      },
      "locked": {
        "lastModified": 1756261190,
        "narHash": "sha256-eiy0klFK5EVJLNilutR7grsZN/7Itj9DyD75eyOf83k=",
        "owner": "nix-community",
        "repo": "home-manager",
        "rev": "77f348da3176dc68b20a73dab94852a417daf361",
        "type": "github"
      },
      "original": {
        "owner": "nix-community",
        "repo": "home-manager",
        "type": "github"
      }
    },
    "nixpkgs": {
      "locked": {
        "lastModified": 1756125398,
        "narHash": "sha256-XexyKZpf46cMiO5Vbj+dWSAXOnr285GHsMch8FBoHbc=",
        "owner": "NixOS",
        "repo": "nixpkgs",
        "rev": "3b9f00d7a7bf68acd4c4abb9d43695afb04e03a5",
        "type": "github"
      },
      "original": {
        "owner": "NixOS",
        "ref": "nixos-unstable",
        "repo": "nixpkgs",
        "type": "github"
      }
    },
    "root": {
      "inputs": {
        "hardwareConfiguration-src": "hardwareConfiguration-src",
        "home-manager": "home-manager",
        "nixpkgs": "nixpkgs",
        "secretCfg-src": "secretCfg-src"
      }
    },
    "secretCfg-src": {
      "flake": false,
      "locked": {
        "lastModified": 1716569419,
        "narHash": "sha256-OBVL+2urKROzRzwH9yd1kJfOmB1514ZPARZrVTJUJ40=",
        "path": "/etc/nixos/dotfiles/settings.nix",
        "type": "path"
      },
      "original": {
        "path": "/etc/nixos/dotfiles/settings.nix",
        "type": "path"
      }
    }
  },
  "root": "root",
  "version": 7
}
